
Microsoft Visual Studio Solution File, Format Version 12.00
# Visual Studio Version 17
VisualStudioVersion = 17.7.34024.191
MinimumVisualStudioVersion = 10.0.40219.1
Project("{FAE04EC0-301F-11D3-BF4B-00C04F79EFBC}") = "GeekBurger.Products", "GeekBurger.Products\GeekBurger.Products.csproj", "{4541861D-3B84-42C6-B0F6-777EBC358A10}"
EndProject
Project("{FAE04EC0-301F-11D3-BF4B-00C04F79EFBC}") = "GeekBurger.Products.Contract", "GeekBurger.Products.Contract\GeekBurger.Products.Contract.csproj", "{FC99C1E3-6AF6-4C68-8D2E-F9FD0D8B060D}"
EndProject
Global
	GlobalSection(SolutionConfigurationPlatforms) = preSolution
		Debug|Any CPU = Debug|Any CPU
		Release|Any CPU = Release|Any CPU
	EndGlobalSection
	GlobalSection(ProjectConfigurationPlatforms) = postSolution
		{4541861D-3B84-42C6-B0F6-777EBC358A10}.Debug|Any CPU.ActiveCfg = Debug|Any CPU
		{4541861D-3B84-42C6-B0F6-777EBC358A10}.Debug|Any CPU.Build.0 = Debug|Any CPU
		{4541861D-3B84-42C6-B0F6-777EBC358A10}.Release|Any CPU.ActiveCfg = Release|Any CPU
		{4541861D-3B84-42C6-B0F6-777EBC358A10}.Release|Any CPU.Build.0 = Release|Any CPU
		{FC99C1E3-6AF6-4C68-8D2E-F9FD0D8B060D}.Debug|Any CPU.ActiveCfg = Debug|Any CPU
		{FC99C1E3-6AF6-4C68-8D2E-F9FD0D8B060D}.Debug|Any CPU.Build.0 = Debug|Any CPU
		{FC99C1E3-6AF6-4C68-8D2E-F9FD0D8B060D}.Release|Any CPU.ActiveCfg = Release|Any CPU
		{FC99C1E3-6AF6-4C68-8D2E-F9FD0D8B060D}.Release|Any CPU.Build.0 = Release|Any CPU
	EndGlobalSection
	GlobalSection(SolutionProperties) = preSolution
		HideSolutionNode = FALSE
	EndGlobalSection
	GlobalSection(ExtensibilityGlobals) = postSolution
		SolutionGuid = {03544A14-A48C-4061-BEB7-10FE39F86D0B}
	EndGlobalSection
EndGlobal
